
Microsoft Visual Studio Solution File, Format Version 12.00
# Visual Studio Version 17
VisualStudioVersion = 17.3.32811.315
MinimumVisualStudioVersion = 10.0.40219.1
Project("{9A19103F-16F7-4668-BE54-9A1E7A4F7556}") = "EmailExtractor", "EmailExtractor\EmailExtractor.csproj", "{55574742-465A-47B1-824E-5876D28E25F7}"
EndProject
Project("{54435603-DBB4-11D2-8724-00A0C9A8B90C}") = "EmailExtractorSetup", "EmailExtractorSetup\EmailExtractorSetup.vdproj", "{A94BC756-0F3E-4AD5-9973-C6EF8C124C45}"
EndProject
Project("{FAE04EC0-301F-11D3-BF4B-00C04F79EFBC}") = "ServerExtractor", "ServerExtractor\ServerExtractor.csproj", "{FBFE87DD-A321-4B80-91B9-1FFE5A231221}"
EndProject
Global
	GlobalSection(SolutionConfigurationPlatforms) = preSolution
		Debug|Any CPU = Debug|Any CPU
		Release|Any CPU = Release|Any CPU
	EndGlobalSection
	GlobalSection(ProjectConfigurationPlatforms) = postSolution
		{55574742-465A-47B1-824E-5876D28E25F7}.Debug|Any CPU.ActiveCfg = Debug|Any CPU
		{55574742-465A-47B1-824E-5876D28E25F7}.Debug|Any CPU.Build.0 = Debug|Any CPU
		{55574742-465A-47B1-824E-5876D28E25F7}.Release|Any CPU.ActiveCfg = Release|Any CPU
		{55574742-465A-47B1-824E-5876D28E25F7}.Release|Any CPU.Build.0 = Release|Any CPU
		{A94BC756-0F3E-4AD5-9973-C6EF8C124C45}.Debug|Any CPU.ActiveCfg = Debug
		{A94BC756-0F3E-4AD5-9973-C6EF8C124C45}.Release|Any CPU.ActiveCfg = Release
		{A94BC756-0F3E-4AD5-9973-C6EF8C124C45}.Release|Any CPU.Build.0 = Release
		{FBFE87DD-A321-4B80-91B9-1FFE5A231221}.Debug|Any CPU.ActiveCfg = Debug|Any CPU
		{FBFE87DD-A321-4B80-91B9-1FFE5A231221}.Debug|Any CPU.Build.0 = Debug|Any CPU
		{FBFE87DD-A321-4B80-91B9-1FFE5A231221}.Release|Any CPU.ActiveCfg = Release|Any CPU
		{FBFE87DD-A321-4B80-91B9-1FFE5A231221}.Release|Any CPU.Build.0 = Release|Any CPU
	EndGlobalSection
	GlobalSection(SolutionProperties) = preSolution
		HideSolutionNode = FALSE
	EndGlobalSection
	GlobalSection(ExtensibilityGlobals) = postSolution
		SolutionGuid = {EC4AC4CE-FAAD-4A07-9148-B5F23DF42C31}
	EndGlobalSection
EndGlobal
