
Microsoft Visual Studio Solution File, Format Version 12.00
# Visual Studio Version 17
VisualStudioVersion = 17.3.32819.101
MinimumVisualStudioVersion = 10.0.40219.1
Project("{9A19103F-16F7-4668-BE54-9A1E7A4F7556}") = "EmailServerAPI", "EmailServerAPI\EmailServerAPI.csproj", "{5564B32E-4415-4857-9857-7546C835D07D}"
EndProject
Project("{9A19103F-16F7-4668-BE54-9A1E7A4F7556}") = "EmailServerWeb", "EmailServerWeb\EmailServerWeb.csproj", "{EE867D97-73D4-444B-99EA-A02DFCDF36F6}"
EndProject
Global
	GlobalSection(SolutionConfigurationPlatforms) = preSolution
		Debug|Any CPU = Debug|Any CPU
		Release|Any CPU = Release|Any CPU
	EndGlobalSection
	GlobalSection(ProjectConfigurationPlatforms) = postSolution
		{5564B32E-4415-4857-9857-7546C835D07D}.Debug|Any CPU.ActiveCfg = Debug|Any CPU
		{5564B32E-4415-4857-9857-7546C835D07D}.Debug|Any CPU.Build.0 = Debug|Any CPU
		{5564B32E-4415-4857-9857-7546C835D07D}.Release|Any CPU.ActiveCfg = Release|Any CPU
		{5564B32E-4415-4857-9857-7546C835D07D}.Release|Any CPU.Build.0 = Release|Any CPU
		{EE867D97-73D4-444B-99EA-A02DFCDF36F6}.Debug|Any CPU.ActiveCfg = Debug|Any CPU
		{EE867D97-73D4-444B-99EA-A02DFCDF36F6}.Debug|Any CPU.Build.0 = Debug|Any CPU
		{EE867D97-73D4-444B-99EA-A02DFCDF36F6}.Release|Any CPU.ActiveCfg = Release|Any CPU
		{EE867D97-73D4-444B-99EA-A02DFCDF36F6}.Release|Any CPU.Build.0 = Release|Any CPU
	EndGlobalSection
	GlobalSection(SolutionProperties) = preSolution
		HideSolutionNode = FALSE
	EndGlobalSection
	GlobalSection(ExtensibilityGlobals) = postSolution
		SolutionGuid = {2281F0BF-E10C-4941-8D1C-ADCAED2145B4}
	EndGlobalSection
EndGlobal
